// !$*UTF8*$!
{
	archiveVersion = 1;
	classes = {
	};
	objectVersion = 56;
	objects = {

/* Begin PBXBuildFile section */
		684634E9298D753E00AC9FD5 /* NewNewViewController.swift in Sources */ = {isa = PBXBuildFile; fileRef = 684634E8298D753E00AC9FD5 /* NewNewViewController.swift */; };
		684634EB298D78C000AC9FD5 /* NewThirdViewController.swift in Sources */ = {isa = PBXBuildFile; fileRef = 684634EA298D78C000AC9FD5 /* NewThirdViewController.swift */; };
		686F286F298AC8D400934803 /* AppDelegate.swift in Sources */ = {isa = PBXBuildFile; fileRef = 686F286E298AC8D400934803 /* AppDelegate.swift */; };
		686F2871298AC8D400934803 /* SceneDelegate.swift in Sources */ = {isa = PBXBuildFile; fileRef = 686F2870298AC8D400934803 /* SceneDelegate.swift */; };
		686F2873298AC8D400934803 /* ViewController.swift in Sources */ = {isa = PBXBuildFile; fileRef = 686F2872298AC8D400934803 /* ViewController.swift */; };
		686F2876298AC8D400934803 /* Main.storyboard in Resources */ = {isa = PBXBuildFile; fileRef = 686F2874298AC8D400934803 /* Main.storyboard */; };
		686F287B298AC8D800934803 /* LaunchScreen.storyboard in Resources */ = {isa = PBXBuildFile; fileRef = 686F2879298AC8D800934803 /* LaunchScreen.storyboard */; };
		686F2886298AC8D900934803 /* testTests.swift in Sources */ = {isa = PBXBuildFile; fileRef = 686F2885298AC8D900934803 /* testTests.swift */; };
		686F2890298AC8D900934803 /* testUITests.swift in Sources */ = {isa = PBXBuildFile; fileRef = 686F288F298AC8D900934803 /* testUITests.swift */; };
		686F2892298AC8D900934803 /* testUITestsLaunchTests.swift in Sources */ = {isa = PBXBuildFile; fileRef = 686F2891298AC8D900934803 /* testUITestsLaunchTests.swift */; };
		686F289F298ADB0300934803 /* NewScreenViewController.swift in Sources */ = {isa = PBXBuildFile; fileRef = 686F289E298ADB0300934803 /* NewScreenViewController.swift */; };
		68E752A9298C2BD900B8F35A /* NewScreenViewController.swift in Sources */ = {isa = PBXBuildFile; fileRef = 686F289E298ADB0300934803 /* NewScreenViewController.swift */; };
		68E752AA298C2BDA00B8F35A /* NewScreenViewController.swift in Sources */ = {isa = PBXBuildFile; fileRef = 686F289E298ADB0300934803 /* NewScreenViewController.swift */; };
/* End PBXBuildFile section */

/* Begin PBXContainerItemProxy section */
		686F2882298AC8D900934803 /* PBXContainerItemProxy */ = {
			isa = PBXContainerItemProxy;
			containerPortal = 686F2863298AC8D400934803 /* Project object */;
			proxyType = 1;
			remoteGlobalIDString = 686F286A298AC8D400934803;
			remoteInfo = test;
		};
		686F288C298AC8D900934803 /* PBXContainerItemProxy */ = {
			isa = PBXContainerItemProxy;
			containerPortal = 686F2863298AC8D400934803 /* Project object */;
			proxyType = 1;
			remoteGlobalIDString = 686F286A298AC8D400934803;
			remoteInfo = test;
		};
/* End PBXContainerItemProxy section */

/* Begin PBXFileReference section */
		684634E8298D753E00AC9FD5 /* NewNewViewController.swift */ = {isa = PBXFileReference; lastKnownFileType = sourcecode.swift; path = NewNewViewController.swift; sourceTree = "<group>"; };
		684634EA298D78C000AC9FD5 /* NewThirdViewController.swift */ = {isa = PBXFileReference; lastKnownFileType = sourcecode.swift; path = NewThirdViewController.swift; sourceTree = "<group>"; };
		686F286B298AC8D400934803 /* test.app */ = {isa = PBXFileReference; explicitFileType = wrapper.application; includeInIndex = 0; path = test.app; sourceTree = BUILT_PRODUCTS_DIR; };
		686F286E298AC8D400934803 /* AppDelegate.swift */ = {isa = PBXFileReference; lastKnownFileType = sourcecode.swift; path = AppDelegate.swift; sourceTree = "<group>"; };
		686F2870298AC8D400934803 /* SceneDelegate.swift */ = {isa = PBXFileReference; lastKnownFileType = sourcecode.swift; path = SceneDelegate.swift; sourceTree = "<group>"; };
		686F2872298AC8D400934803 /* ViewController.swift */ = {isa = PBXFileReference; lastKnownFileType = sourcecode.swift; path = ViewController.swift; sourceTree = "<group>"; };
		686F2875298AC8D400934803 /* Base */ = {isa = PBXFileReference; lastKnownFileType = file.storyboard; name = Base; path = Base.lproj/Main.storyboard; sourceTree = "<group>"; };
		686F287A298AC8D800934803 /* Base */ = {isa = PBXFileReference; lastKnownFileType = file.storyboard; name = Base; path = Base.lproj/LaunchScreen.storyboard; sourceTree = "<group>"; };
		686F287C298AC8D800934803 /* Info.plist */ = {isa = PBXFileReference; lastKnownFileType = text.plist.xml; path = Info.plist; sourceTree = "<group>"; };
		686F2881298AC8D900934803 /* testTests.xctest */ = {isa = PBXFileReference; explicitFileType = wrapper.cfbundle; includeInIndex = 0; path = testTests.xctest; sourceTree = BUILT_PRODUCTS_DIR; };
		686F2885298AC8D900934803 /* testTests.swift */ = {isa = PBXFileReference; lastKnownFileType = sourcecode.swift; path = testTests.swift; sourceTree = "<group>"; };
		686F288B298AC8D900934803 /* testUITests.xctest */ = {isa = PBXFileReference; explicitFileType = wrapper.cfbundle; includeInIndex = 0; path = testUITests.xctest; sourceTree = BUILT_PRODUCTS_DIR; };
		686F288F298AC8D900934803 /* testUITests.swift */ = {isa = PBXFileReference; lastKnownFileType = sourcecode.swift; path = testUITests.swift; sourceTree = "<group>"; };
		686F2891298AC8D900934803 /* testUITestsLaunchTests.swift */ = {isa = PBXFileReference; lastKnownFileType = sourcecode.swift; path = testUITestsLaunchTests.swift; sourceTree = "<group>"; };
		686F289E298ADB0300934803 /* NewScreenViewController.swift */ = {isa = PBXFileReference; lastKnownFileType = sourcecode.swift; path = NewScreenViewController.swift; sourceTree = "<group>"; };
/* End PBXFileReference section */

/* Begin PBXFrameworksBuildPhase section */
		686F2868298AC8D400934803 /* Frameworks */ = {
			isa = PBXFrameworksBuildPhase;
			buildActionMask = 2147483647;
			files = (
			);
			runOnlyForDeploymentPostprocessing = 0;
		};
		686F287E298AC8D900934803 /* Frameworks */ = {
			isa = PBXFrameworksBuildPhase;
			buildActionMask = 2147483647;
			files = (
			);
			runOnlyForDeploymentPostprocessing = 0;
		};
		686F2888298AC8D900934803 /* Frameworks */ = {
			isa = PBXFrameworksBuildPhase;
			buildActionMask = 2147483647;
			files = (
			);
			runOnlyForDeploymentPostprocessing = 0;
		};
/* End PBXFrameworksBuildPhase section */

/* Begin PBXGroup section */
		686F2862298AC8D400934803 = {
			isa = PBXGroup;
			children = (
				684634E8298D753E00AC9FD5 /* NewNewViewController.swift */,
				686F286D298AC8D400934803 /* test */,
				686F2884298AC8D900934803 /* testTests */,
				686F288E298AC8D900934803 /* testUITests */,
				686F286C298AC8D400934803 /* Products */,
			);
			sourceTree = "<group>";
		};
		686F286C298AC8D400934803 /* Products */ = {
			isa = PBXGroup;
			children = (
				686F286B298AC8D400934803 /* test.app */,
				686F2881298AC8D900934803 /* testTests.xctest */,
				686F288B298AC8D900934803 /* testUITests.xctest */,
			);
			name = Products;
			sourceTree = "<group>";
		};
		686F286D298AC8D400934803 /* test */ = {
			isa = PBXGroup;
			children = (
				686F286E298AC8D400934803 /* AppDelegate.swift */,
				686F2870298AC8D400934803 /* SceneDelegate.swift */,
				686F2872298AC8D400934803 /* ViewController.swift */,
				686F2874298AC8D400934803 /* Main.storyboard */,
				684634EA298D78C000AC9FD5 /* NewThirdViewController.swift */,
				686F289E298ADB0300934803 /* NewScreenViewController.swift */,
				686F2879298AC8D800934803 /* LaunchScreen.storyboard */,
				686F287C298AC8D800934803 /* Info.plist */,
			);
			path = test;
			sourceTree = "<group>";
		};
		686F2884298AC8D900934803 /* testTests */ = {
			isa = PBXGroup;
			children = (
				686F2885298AC8D900934803 /* testTests.swift */,
			);
			path = testTests;
			sourceTree = "<group>";
		};
		686F288E298AC8D900934803 /* testUITests */ = {
			isa = PBXGroup;
			children = (
				686F288F298AC8D900934803 /* testUITests.swift */,
				686F2891298AC8D900934803 /* testUITestsLaunchTests.swift */,
			);
			path = testUITests;
			sourceTree = "<group>";
		};
/* End PBXGroup section */

/* Begin PBXNativeTarget section */
		686F286A298AC8D400934803 /* test */ = {
			isa = PBXNativeTarget;
			buildConfigurationList = 686F2895298AC8D900934803 /* Build configuration list for PBXNativeTarget "test" */;
			buildPhases = (
				686F2867298AC8D400934803 /* Sources */,
				686F2868298AC8D400934803 /* Frameworks */,
				686F2869298AC8D400934803 /* Resources */,
			);
			buildRules = (
			);
			dependencies = (
			);
			name = test;
			productName = test;
			productReference = 686F286B298AC8D400934803 /* test.app */;
			productType = "com.apple.product-type.application";
		};
		686F2880298AC8D900934803 /* testTests */ = {
			isa = PBXNativeTarget;
			buildConfigurationList = 686F2898298AC8D900934803 /* Build configuration list for PBXNativeTarget "testTests" */;
			buildPhases = (
				686F287D298AC8D900934803 /* Sources */,
				686F287E298AC8D900934803 /* Frameworks */,
				686F287F298AC8D900934803 /* Resources */,
			);
			buildRules = (
			);
			dependencies = (
				686F2883298AC8D900934803 /* PBXTargetDependency */,
			);
			name = testTests;
			productName = testTests;
			productReference = 686F2881298AC8D900934803 /* testTests.xctest */;
			productType = "com.apple.product-type.bundle.unit-test";
		};
		686F288A298AC8D900934803 /* testUITests */ = {
			isa = PBXNativeTarget;
			buildConfigurationList = 686F289B298AC8D900934803 /* Build configuration list for PBXNativeTarget "testUITests" */;
			buildPhases = (
				686F2887298AC8D900934803 /* Sources */,
				686F2888298AC8D900934803 /* Frameworks */,
				686F2889298AC8D900934803 /* Resources */,
			);
			buildRules = (
			);
			dependencies = (
				686F288D298AC8D900934803 /* PBXTargetDependency */,
			);
			name = testUITests;
			productName = testUITests;
			productReference = 686F288B298AC8D900934803 /* testUITests.xctest */;
			productType = "com.apple.product-type.bundle.ui-testing";
		};
/* End PBXNativeTarget section */

/* Begin PBXProject section */
		686F2863298AC8D400934803 /* Project object */ = {
			isa = PBXProject;
			attributes = {
				BuildIndependentTargetsInParallel = 1;
				LastSwiftUpdateCheck = 1420;
				LastUpgradeCheck = 1420;
				TargetAttributes = {
					686F286A298AC8D400934803 = {
						CreatedOnToolsVersion = 14.2;
					};
					686F2880298AC8D900934803 = {
						CreatedOnToolsVersion = 14.2;
						TestTargetID = 686F286A298AC8D400934803;
					};
					686F288A298AC8D900934803 = {
						CreatedOnToolsVersion = 14.2;
						TestTargetID = 686F286A298AC8D400934803;
					};
				};
			};
			buildConfigurationList = 686F2866298AC8D400934803 /* Build configuration list for PBXProject "test" */;
			compatibilityVersion = "Xcode 14.0";
			developmentRegion = en;
			hasScannedForEncodings = 0;
			knownRegions = (
				en,
				Base,
			);
			mainGroup = 686F2862298AC8D400934803;
			productRefGroup = 686F286C298AC8D400934803 /* Products */;
			projectDirPath = "";
			projectRoot = "";
			targets = (
				686F286A298AC8D400934803 /* test */,
				686F2880298AC8D900934803 /* testTests */,
				686F288A298AC8D900934803 /* testUITests */,
			);
		};
/* End PBXProject section */

/* Begin PBXResourcesBuildPhase section */
		686F2869298AC8D400934803 /* Resources */ = {
			isa = PBXResourcesBuildPhase;
			buildActionMask = 2147483647;
			files = (
				686F287B298AC8D800934803 /* LaunchScreen.storyboard in Resources */,
				686F2876298AC8D400934803 /* Main.storyboard in Resources */,
			);
			runOnlyForDeploymentPostprocessing = 0;
		};
		686F287F298AC8D900934803 /* Resources */ = {
			isa = PBXResourcesBuildPhase;
			buildActionMask = 2147483647;
			files = (
			);
			runOnlyForDeploymentPostprocessing = 0;
		};
		686F2889298AC8D900934803 /* Resources */ = {
			isa = PBXResourcesBuildPhase;
			buildActionMask = 2147483647;
			files = (
			);
			runOnlyForDeploymentPostprocessing = 0;
		};
/* End PBXResourcesBuildPhase section */

/* Begin PBXSourcesBuildPhase section */
		686F2867298AC8D400934803 /* Sources */ = {
			isa = PBXSourcesBuildPhase;
			buildActionMask = 2147483647;
			files = (
				686F2873298AC8D400934803 /* ViewController.swift in Sources */,
				684634E9298D753E00AC9FD5 /* NewNewViewController.swift in Sources */,
				686F289F298ADB0300934803 /* NewScreenViewController.swift in Sources */,
				684634EB298D78C000AC9FD5 /* NewThirdViewController.swift in Sources */,
				686F286F298AC8D400934803 /* AppDelegate.swift in Sources */,
				686F2871298AC8D400934803 /* SceneDelegate.swift in Sources */,
			);
			runOnlyForDeploymentPostprocessing = 0;
		};
		686F287D298AC8D900934803 /* Sources */ = {
			isa = PBXSourcesBuildPhase;
			buildActionMask = 2147483647;
			files = (
				686F2886298AC8D900934803 /* testTests.swift in Sources */,
				68E752A9298C2BD900B8F35A /* NewScreenViewController.swift in Sources */,
			);
			runOnlyForDeploymentPostprocessing = 0;
		};
		686F2887298AC8D900934803 /* Sources */ = {
			isa = PBXSourcesBuildPhase;
			buildActionMask = 2147483647;
			files = (
				68E752AA298C2BDA00B8F35A /* NewScreenViewController.swift in Sources */,
				686F2892298AC8D900934803 /* testUITestsLaunchTests.swift in Sources */,
				686F2890298AC8D900934803 /* testUITests.swift in Sources */,
			);
			runOnlyForDeploymentPostprocessing = 0;
		};
/* End PBXSourcesBuildPhase section */

/* Begin PBXTargetDependency section */
		686F2883298AC8D900934803 /* PBXTargetDependency */ = {
			isa = PBXTargetDependency;
			target = 686F286A298AC8D400934803 /* test */;
			targetProxy = 686F2882298AC8D900934803 /* PBXContainerItemProxy */;
		};
		686F288D298AC8D900934803 /* PBXTargetDependency */ = {
			isa = PBXTargetDependency;
			target = 686F286A298AC8D400934803 /* test */;
			targetProxy = 686F288C298AC8D900934803 /* PBXContainerItemProxy */;
		};
/* End PBXTargetDependency section */

/* Begin PBXVariantGroup section */
		686F2874298AC8D400934803 /* Main.storyboard */ = {
			isa = PBXVariantGroup;
			children = (
				686F2875298AC8D400934803 /* Base */,
			);
			name = Main.storyboard;
			sourceTree = "<group>";
		};
		686F2879298AC8D800934803 /* LaunchScreen.storyboard */ = {
			isa = PBXVariantGroup;
			children = (
				686F287A298AC8D800934803 /* Base */,
			);
			name = LaunchScreen.storyboard;
			sourceTree = "<group>";
		};
/* End PBXVariantGroup section */

/* Begin XCBuildConfiguration section */
		686F2893298AC8D900934803 /* Debug */ = {
			isa = XCBuildConfiguration;
			buildSettings = {
				ALWAYS_SEARCH_USER_PATHS = NO;
				CLANG_ANALYZER_NONNULL = YES;
				CLANG_ANALYZER_NUMBER_OBJECT_CONVERSION = YES_AGGRESSIVE;
				CLANG_CXX_LANGUAGE_STANDARD = "gnu++20";
				CLANG_ENABLE_MODULES = YES;
				CLANG_ENABLE_OBJC_ARC = YES;
				CLANG_ENABLE_OBJC_WEAK = YES;
				CLANG_WARN_BLOCK_CAPTURE_AUTORELEASING = YES;
				CLANG_WARN_BOOL_CONVERSION = YES;
				CLANG_WARN_COMMA = YES;
				CLANG_WARN_CONSTANT_CONVERSION = YES;
				CLANG_WARN_DEPRECATED_OBJC_IMPLEMENTATIONS = YES;
				CLANG_WARN_DIRECT_OBJC_ISA_USAGE = YES_ERROR;
				CLANG_WARN_DOCUMENTATION_COMMENTS = YES;
				CLANG_WARN_EMPTY_BODY = YES;
				CLANG_WARN_ENUM_CONVERSION = YES;
				CLANG_WARN_INFINITE_RECURSION = YES;
				CLANG_WARN_INT_CONVERSION = YES;
				CLANG_WARN_NON_LITERAL_NULL_CONVERSION = YES;
				CLANG_WARN_OBJC_IMPLICIT_RETAIN_SELF = YES;
				CLANG_WARN_OBJC_LITERAL_CONVERSION = YES;
				CLANG_WARN_OBJC_ROOT_CLASS = YES_ERROR;
				CLANG_WARN_QUOTED_INCLUDE_IN_FRAMEWORK_HEADER = YES;
				CLANG_WARN_RANGE_LOOP_ANALYSIS = YES;
				CLANG_WARN_STRICT_PROTOTYPES = YES;
				CLANG_WARN_SUSPICIOUS_MOVE = YES;
				CLANG_WARN_UNGUARDED_AVAILABILITY = YES_AGGRESSIVE;
				CLANG_WARN_UNREACHABLE_CODE = YES;
				CLANG_WARN__DUPLICATE_METHOD_MATCH = YES;
				COPY_PHASE_STRIP = NO;
				DEBUG_INFORMATION_FORMAT = dwarf;
				ENABLE_STRICT_OBJC_MSGSEND = YES;
				ENABLE_TESTABILITY = YES;
				GCC_C_LANGUAGE_STANDARD = gnu11;
				GCC_DYNAMIC_NO_PIC = NO;
				GCC_NO_COMMON_BLOCKS = YES;
				GCC_OPTIMIZATION_LEVEL = 0;
				GCC_PREPROCESSOR_DEFINITIONS = (
					"DEBUG=1",
					"$(inherited)",
				);
				GCC_WARN_64_TO_32_BIT_CONVERSION = YES;
				GCC_WARN_ABOUT_RETURN_TYPE = YES_ERROR;
				GCC_WARN_UNDECLARED_SELECTOR = YES;
				GCC_WARN_UNINITIALIZED_AUTOS = YES_AGGRESSIVE;
				GCC_WARN_UNUSED_FUNCTION = YES;
				GCC_WARN_UNUSED_VARIABLE = YES;
				IPHONEOS_DEPLOYMENT_TARGET = 16.2;
				MTL_ENABLE_DEBUG_INFO = INCLUDE_SOURCE;
				MTL_FAST_MATH = YES;
				ONLY_ACTIVE_ARCH = YES;
				SDKROOT = iphoneos;
				SWIFT_ACTIVE_COMPILATION_CONDITIONS = DEBUG;
				SWIFT_OPTIMIZATION_LEVEL = "-Onone";
			};
			name = Debug;
		};
		686F2894298AC8D900934803 /* Release */ = {
			isa = XCBuildConfiguration;
			buildSettings = {
				ALWAYS_SEARCH_USER_PATHS = NO;
				CLANG_ANALYZER_NONNULL = YES;
				CLANG_ANALYZER_NUMBER_OBJECT_CONVERSION = YES_AGGRESSIVE;
				CLANG_CXX_LANGUAGE_STANDARD = "gnu++20";
				CLANG_ENABLE_MODULES = YES;
				CLANG_ENABLE_OBJC_ARC = YES;
				CLANG_ENABLE_OBJC_WEAK = YES;
				CLANG_WARN_BLOCK_CAPTURE_AUTORELEASING = YES;
				CLANG_WARN_BOOL_CONVERSION = YES;
				CLANG_WARN_COMMA = YES;
				CLANG_WARN_CONSTANT_CONVERSION = YES;
				CLANG_WARN_DEPRECATED_OBJC_IMPLEMENTATIONS = YES;
				CLANG_WARN_DIRECT_OBJC_ISA_USAGE = YES_ERROR;
				CLANG_WARN_DOCUMENTATION_COMMENTS = YES;
				CLANG_WARN_EMPTY_BODY = YES;
				CLANG_WARN_ENUM_CONVERSION = YES;
				CLANG_WARN_INFINITE_RECURSION = YES;
				CLANG_WARN_INT_CONVERSION = YES;
				CLANG_WARN_NON_LITERAL_NULL_CONVERSION = YES;
				CLANG_WARN_OBJC_IMPLICIT_RETAIN_SELF = YES;
				CLANG_WARN_OBJC_LITERAL_CONVERSION = YES;
				CLANG_WARN_OBJC_ROOT_CLASS = YES_ERROR;
				CLANG_WARN_QUOTED_INCLUDE_IN_FRAMEWORK_HEADER = YES;
				CLANG_WARN_RANGE_LOOP_ANALYSIS = YES;
				CLANG_WARN_STRICT_PROTOTYPES = YES;
				CLANG_WARN_SUSPICIOUS_MOVE = YES;
				CLANG_WARN_UNGUARDED_AVAILABILITY = YES_AGGRESSIVE;
				CLANG_WARN_UNREACHABLE_CODE = YES;
				CLANG_WARN__DUPLICATE_METHOD_MATCH = YES;
				COPY_PHASE_STRIP = NO;
				DEBUG_INFORMATION_FORMAT = "dwarf-with-dsym";
				ENABLE_NS_ASSERTIONS = NO;
				ENABLE_STRICT_OBJC_MSGSEND = YES;
				GCC_C_LANGUAGE_STANDARD = gnu11;
				GCC_NO_COMMON_BLOCKS = YES;
				GCC_WARN_64_TO_32_BIT_CONVERSION = YES;
				GCC_WARN_ABOUT_RETURN_TYPE = YES_ERROR;
				GCC_WARN_UNDECLARED_SELECTOR = YES;
				GCC_WARN_UNINITIALIZED_AUTOS = YES_AGGRESSIVE;
				GCC_WARN_UNUSED_FUNCTION = YES;
				GCC_WARN_UNUSED_VARIABLE = YES;
				IPHONEOS_DEPLOYMENT_TARGET = 16.2;
				MTL_ENABLE_DEBUG_INFO = NO;
				MTL_FAST_MATH = YES;
				SDKROOT = iphoneos;
				SWIFT_COMPILATION_MODE = wholemodule;
				SWIFT_OPTIMIZATION_LEVEL = "-O";
				VALIDATE_PRODUCT = YES;
			};
			name = Release;
		};
		686F2896298AC8D900934803 /* Debug */ = {
			isa = XCBuildConfiguration;
			buildSettings = {
				ASSETCATALOG_COMPILER_APPICON_NAME = AppIcon;
				ASSETCATALOG_COMPILER_GLOBAL_ACCENT_COLOR_NAME = AccentColor;
				CODE_SIGN_STYLE = Automatic;
				CURRENT_PROJECT_VERSION = 1;
				DEVELOPMENT_TEAM = 48YNC6A9TD;
				GENERATE_INFOPLIST_FILE = YES;
				INFOPLIST_FILE = test/Info.plist;
				INFOPLIST_KEY_UIApplicationSupportsIndirectInputEvents = YES;
				INFOPLIST_KEY_UILaunchStoryboardName = LaunchScreen;
				INFOPLIST_KEY_UIMainStoryboardFile = Main;
				INFOPLIST_KEY_UISupportedInterfaceOrientations_iPad = "UIInterfaceOrientationPortrait UIInterfaceOrientationPortraitUpsideDown UIInterfaceOrientationLandscapeLeft UIInterfaceOrientationLandscapeRight";
				INFOPLIST_KEY_UISupportedInterfaceOrientations_iPhone = "UIInterfaceOrientationPortrait UIInterfaceOrientationLandscapeLeft UIInterfaceOrientationLandscapeRight";
				LD_RUNPATH_SEARCH_PATHS = (
					"$(inherited)",
					"@executable_path/Frameworks",
				);
				MARKETING_VERSION = 1.0;
				PRODUCT_BUNDLE_IDENTIFIER = futureslabol.test;
				PRODUCT_NAME = "$(TARGET_NAME)";
				SWIFT_EMIT_LOC_STRINGS = YES;
				SWIFT_VERSION = 5.0;
				TARGETED_DEVICE_FAMILY = "1,2";
			};
			name = Debug;
		};
		686F2897298AC8D900934803 /* Release */ = {
			isa = XCBuildConfiguration;
			buildSettings = {
				ASSETCATALOG_COMPILER_APPICON_NAME = AppIcon;
				ASSETCATALOG_COMPILER_GLOBAL_ACCENT_COLOR_NAME = AccentColor;
				CODE_SIGN_STYLE = Automatic;
				CURRENT_PROJECT_VERSION = 1;
				DEVELOPMENT_TEAM = 48YNC6A9TD;
				GENERATE_INFOPLIST_FILE = YES;
				INFOPLIST_FILE = test/Info.plist;
				INFOPLIST_KEY_UIApplicationSupportsIndirectInputEvents = YES;
				INFOPLIST_KEY_UILaunchStoryboardName = LaunchScreen;
				INFOPLIST_KEY_UIMainStoryboardFile = Main;
				INFOPLIST_KEY_UISupportedInterfaceOrientations_iPad = "UIInterfaceOrientationPortrait UIInterfaceOrientationPortraitUpsideDown UIInterfaceOrientationLandscapeLeft UIInterfaceOrientationLandscapeRight";
				INFOPLIST_KEY_UISupportedInterfaceOrientations_iPhone = "UIInterfaceOrientationPortrait UIInterfaceOrientationLandscapeLeft UIInterfaceOrientationLandscapeRight";
				LD_RUNPATH_SEARCH_PATHS = (
					"$(inherited)",
					"@executable_path/Frameworks",
				);
				MARKETING_VERSION = 1.0;
				PRODUCT_BUNDLE_IDENTIFIER = futureslabol.test;
				PRODUCT_NAME = "$(TARGET_NAME)";
				SWIFT_EMIT_LOC_STRINGS = YES;
				SWIFT_VERSION = 5.0;
				TARGETED_DEVICE_FAMILY = "1,2";
			};
			name = Release;
		};
		686F2899298AC8D900934803 /* Debug */ = {
			isa = XCBuildConfiguration;
			buildSettings = {
				ALWAYS_EMBED_SWIFT_STANDARD_LIBRARIES = YES;
				BUNDLE_LOADER = "$(TEST_HOST)";
				CODE_SIGN_STYLE = Automatic;
				CURRENT_PROJECT_VERSION = 1;
				DEVELOPMENT_TEAM = 48YNC6A9TD;
				GENERATE_INFOPLIST_FILE = YES;
				IPHONEOS_DEPLOYMENT_TARGET = 16.2;
				MARKETING_VERSION = 1.0;
				PRODUCT_BUNDLE_IDENTIFIER = futureslabol.testTests;
				PRODUCT_NAME = "$(TARGET_NAME)";
				SWIFT_EMIT_LOC_STRINGS = NO;
				SWIFT_VERSION = 5.0;
				TARGETED_DEVICE_FAMILY = "1,2";
				TEST_HOST = "$(BUILT_PRODUCTS_DIR)/test.app/$(BUNDLE_EXECUTABLE_FOLDER_PATH)/test";
			};
			name = Debug;
		};
		686F289A298AC8D900934803 /* Release */ = {
			isa = XCBuildConfiguration;
			buildSettings = {
				ALWAYS_EMBED_SWIFT_STANDARD_LIBRARIES = YES;
				BUNDLE_LOADER = "$(TEST_HOST)";
				CODE_SIGN_STYLE = Automatic;
				CURRENT_PROJECT_VERSION = 1;
				DEVELOPMENT_TEAM = 48YNC6A9TD;
				GENERATE_INFOPLIST_FILE = YES;
				IPHONEOS_DEPLOYMENT_TARGET = 16.2;
				MARKETING_VERSION = 1.0;
				PRODUCT_BUNDLE_IDENTIFIER = futureslabol.testTests;
				PRODUCT_NAME = "$(TARGET_NAME)";
				SWIFT_EMIT_LOC_STRINGS = NO;
				SWIFT_VERSION = 5.0;
				TARGETED_DEVICE_FAMILY = "1,2";
				TEST_HOST = "$(BUILT_PRODUCTS_DIR)/test.app/$(BUNDLE_EXECUTABLE_FOLDER_PATH)/test";
			};
			name = Release;
		};
		686F289C298AC8D900934803 /* Debug */ = {
			isa = XCBuildConfiguration;
			buildSettings = {
				ALWAYS_EMBED_SWIFT_STANDARD_LIBRARIES = YES;
				CODE_SIGN_STYLE = Automatic;
				CURRENT_PROJECT_VERSION = 1;
				DEVELOPMENT_TEAM = 48YNC6A9TD;
				GENERATE_INFOPLIST_FILE = YES;
				MARKETING_VERSION = 1.0;
				PRODUCT_BUNDLE_IDENTIFIER = futureslabol.testUITests;
				PRODUCT_NAME = "$(TARGET_NAME)";
				SWIFT_EMIT_LOC_STRINGS = NO;
				SWIFT_VERSION = 5.0;
				TARGETED_DEVICE_FAMILY = "1,2";
				TEST_TARGET_NAME = test;
			};
			name = Debug;
		};
		686F289D298AC8D900934803 /* Release */ = {
			isa = XCBuildConfiguration;
			buildSettings = {
				ALWAYS_EMBED_SWIFT_STANDARD_LIBRARIES = YES;
				CODE_SIGN_STYLE = Automatic;
				CURRENT_PROJECT_VERSION = 1;
				DEVELOPMENT_TEAM = 48YNC6A9TD;
				GENERATE_INFOPLIST_FILE = YES;
				MARKETING_VERSION = 1.0;
				PRODUCT_BUNDLE_IDENTIFIER = futureslabol.testUITests;
				PRODUCT_NAME = "$(TARGET_NAME)";
				SWIFT_EMIT_LOC_STRINGS = NO;
				SWIFT_VERSION = 5.0;
				TARGETED_DEVICE_FAMILY = "1,2";
				TEST_TARGET_NAME = test;
			};
			name = Release;
		};
/* End XCBuildConfiguration section */

/* Begin XCConfigurationList section */
		686F2866298AC8D400934803 /* Build configuration list for PBXProject "test" */ = {
			isa = XCConfigurationList;
			buildConfigurations = (
				686F2893298AC8D900934803 /* Debug */,
				686F2894298AC8D900934803 /* Release */,
			);
			defaultConfigurationIsVisible = 0;
			defaultConfigurationName = Release;
		};
		686F2895298AC8D900934803 /* Build configuration list for PBXNativeTarget "test" */ = {
			isa = XCConfigurationList;
			buildConfigurations = (
				686F2896298AC8D900934803 /* Debug */,
				686F2897298AC8D900934803 /* Release */,
			);
			defaultConfigurationIsVisible = 0;
			defaultConfigurationName = Release;
		};
		686F2898298AC8D900934803 /* Build configuration list for PBXNativeTarget "testTests" */ = {
			isa = XCConfigurationList;
			buildConfigurations = (
				686F2899298AC8D900934803 /* Debug */,
				686F289A298AC8D900934803 /* Release */,
			);
			defaultConfigurationIsVisible = 0;
			defaultConfigurationName = Release;
		};
		686F289B298AC8D900934803 /* Build configuration list for PBXNativeTarget "testUITests" */ = {
			isa = XCConfigurationList;
			buildConfigurations = (
				686F289C298AC8D900934803 /* Debug */,
				686F289D298AC8D900934803 /* Release */,
			);
			defaultConfigurationIsVisible = 0;
			defaultConfigurationName = Release;
		};
/* End XCConfigurationList section */
	};
	rootObject = 686F2863298AC8D400934803 /* Project object */;
}
